
Microsoft Visual Studio Solution File, Format Version 12.00
# Visual Studio Version 16
VisualStudioVersion = 16.0.31205.134
MinimumVisualStudioVersion = 10.0.40219.1
Project("{FAE04EC0-301F-11D3-BF4B-00C04F79EFBC}") = "PrimeraEntrega", "PrimeraEntrega.csproj", "{C16B6DA2-B853-4A36-B0C4-A5AD89E6573E}"
EndProject
Global
	GlobalSection(SolutionConfigurationPlatforms) = preSolution
		Debug|Any CPU = Debug|Any CPU
		Release|Any CPU = Release|Any CPU
	EndGlobalSection
	GlobalSection(ProjectConfigurationPlatforms) = postSolution
		{C16B6DA2-B853-4A36-B0C4-A5AD89E6573E}.Debug|Any CPU.ActiveCfg = Debug|Any CPU
		{C16B6DA2-B853-4A36-B0C4-A5AD89E6573E}.Debug|Any CPU.Build.0 = Debug|Any CPU
		{C16B6DA2-B853-4A36-B0C4-A5AD89E6573E}.Release|Any CPU.ActiveCfg = Release|Any CPU
		{C16B6DA2-B853-4A36-B0C4-A5AD89E6573E}.Release|Any CPU.Build.0 = Release|Any CPU
	EndGlobalSection
	GlobalSection(SolutionProperties) = preSolution
		HideSolutionNode = FALSE
	EndGlobalSection
	GlobalSection(ExtensibilityGlobals) = postSolution
		SolutionGuid = {D7D21CF4-417F-43DC-8D36-CDF6935F5420}
	EndGlobalSection
EndGlobal
